
Microsoft Visual Studio Solution File, Format Version 12.00
# Visual Studio Version 16
VisualStudioVersion = 16.0.30413.136
MinimumVisualStudioVersion = 10.0.40219.1
Project("{9A19103F-16F7-4668-BE54-9A1E7A4F7556}") = "Pong", "Pong\Pong.csproj", "{E64EF1B1-D426-474C-9185-4729B2148A42}"
EndProject
Project("{9A19103F-16F7-4668-BE54-9A1E7A4F7556}") = "RPGMadeEasy", "RPGMadeEasy\RPGMadeEasy.csproj", "{61761485-C3E4-41EC-A8C3-C28720003002}"
EndProject
Project("{9A19103F-16F7-4668-BE54-9A1E7A4F7556}") = "TopDownShooter", "TopDownShooter\TopDownShooter.csproj", "{71B69BA3-B420-4E80-B71B-F348479076D9}"
EndProject
Project("{9A19103F-16F7-4668-BE54-9A1E7A4F7556}") = "TestConsole", "TestConsole\TestConsole.csproj", "{FD9D8909-7C02-4E42-9A1A-CB2C87308DB4}"
EndProject
Project("{FAE04EC0-301F-11D3-BF4B-00C04F79EFBC}") = "XNABook_1", "XNABook_1\XNABook_1.csproj", "{95EE742B-B27D-473C-A719-A3D78BDF1E0D}"
EndProject
Global
	GlobalSection(SolutionConfigurationPlatforms) = preSolution
		Debug|Any CPU = Debug|Any CPU
		Release|Any CPU = Release|Any CPU
	EndGlobalSection
	GlobalSection(ProjectConfigurationPlatforms) = postSolution
		{E64EF1B1-D426-474C-9185-4729B2148A42}.Debug|Any CPU.ActiveCfg = Debug|Any CPU
		{E64EF1B1-D426-474C-9185-4729B2148A42}.Debug|Any CPU.Build.0 = Debug|Any CPU
		{E64EF1B1-D426-474C-9185-4729B2148A42}.Release|Any CPU.ActiveCfg = Release|Any CPU
		{E64EF1B1-D426-474C-9185-4729B2148A42}.Release|Any CPU.Build.0 = Release|Any CPU
		{61761485-C3E4-41EC-A8C3-C28720003002}.Debug|Any CPU.ActiveCfg = Debug|Any CPU
		{61761485-C3E4-41EC-A8C3-C28720003002}.Debug|Any CPU.Build.0 = Debug|Any CPU
		{61761485-C3E4-41EC-A8C3-C28720003002}.Release|Any CPU.ActiveCfg = Release|Any CPU
		{61761485-C3E4-41EC-A8C3-C28720003002}.Release|Any CPU.Build.0 = Release|Any CPU
		{71B69BA3-B420-4E80-B71B-F348479076D9}.Debug|Any CPU.ActiveCfg = Debug|Any CPU
		{71B69BA3-B420-4E80-B71B-F348479076D9}.Debug|Any CPU.Build.0 = Debug|Any CPU
		{71B69BA3-B420-4E80-B71B-F348479076D9}.Release|Any CPU.ActiveCfg = Release|Any CPU
		{71B69BA3-B420-4E80-B71B-F348479076D9}.Release|Any CPU.Build.0 = Release|Any CPU
		{FD9D8909-7C02-4E42-9A1A-CB2C87308DB4}.Debug|Any CPU.ActiveCfg = Debug|Any CPU
		{FD9D8909-7C02-4E42-9A1A-CB2C87308DB4}.Debug|Any CPU.Build.0 = Debug|Any CPU
		{FD9D8909-7C02-4E42-9A1A-CB2C87308DB4}.Release|Any CPU.ActiveCfg = Release|Any CPU
		{FD9D8909-7C02-4E42-9A1A-CB2C87308DB4}.Release|Any CPU.Build.0 = Release|Any CPU
		{95EE742B-B27D-473C-A719-A3D78BDF1E0D}.Debug|Any CPU.ActiveCfg = Debug|Any CPU
		{95EE742B-B27D-473C-A719-A3D78BDF1E0D}.Debug|Any CPU.Build.0 = Debug|Any CPU
		{95EE742B-B27D-473C-A719-A3D78BDF1E0D}.Release|Any CPU.ActiveCfg = Release|Any CPU
		{95EE742B-B27D-473C-A719-A3D78BDF1E0D}.Release|Any CPU.Build.0 = Release|Any CPU
	EndGlobalSection
	GlobalSection(SolutionProperties) = preSolution
		HideSolutionNode = FALSE
	EndGlobalSection
	GlobalSection(ExtensibilityGlobals) = postSolution
		SolutionGuid = {2A585DE6-7B0D-42E8-A72A-81C4BD1FE91C}
	EndGlobalSection
EndGlobal
